
Microsoft Visual Studio Solution File, Format Version 12.00
# Visual Studio Version 17
VisualStudioVersion = 17.0.31903.59
MinimumVisualStudioVersion = 10.0.40219.1
Project("{9A19103F-16F7-4668-BE54-9A1E7A4F7556}") = "SuggestionAppUi", "SuggestionAppUi\SuggestionAppUi.csproj", "{37BA5CE4-5D2C-42E0-828D-CFE8D2F15FB1}"
EndProject
Project("{9A19103F-16F7-4668-BE54-9A1E7A4F7556}") = "SuggestionAppLibrary", "SuggestionAppLibrary\SuggestionAppLibrary.csproj", "{7F7EAB34-3678-4310-854A-0D8FB6D4BE2B}"
EndProject
Global
	GlobalSection(SolutionConfigurationPlatforms) = preSolution
		Debug|Any CPU = Debug|Any CPU
		Release|Any CPU = Release|Any CPU
	EndGlobalSection
	GlobalSection(ProjectConfigurationPlatforms) = postSolution
		{37BA5CE4-5D2C-42E0-828D-CFE8D2F15FB1}.Debug|Any CPU.ActiveCfg = Debug|Any CPU
		{37BA5CE4-5D2C-42E0-828D-CFE8D2F15FB1}.Debug|Any CPU.Build.0 = Debug|Any CPU
		{37BA5CE4-5D2C-42E0-828D-CFE8D2F15FB1}.Release|Any CPU.ActiveCfg = Release|Any CPU
		{37BA5CE4-5D2C-42E0-828D-CFE8D2F15FB1}.Release|Any CPU.Build.0 = Release|Any CPU
		{7F7EAB34-3678-4310-854A-0D8FB6D4BE2B}.Debug|Any CPU.ActiveCfg = Debug|Any CPU
		{7F7EAB34-3678-4310-854A-0D8FB6D4BE2B}.Debug|Any CPU.Build.0 = Debug|Any CPU
		{7F7EAB34-3678-4310-854A-0D8FB6D4BE2B}.Release|Any CPU.ActiveCfg = Release|Any CPU
		{7F7EAB34-3678-4310-854A-0D8FB6D4BE2B}.Release|Any CPU.Build.0 = Release|Any CPU
	EndGlobalSection
	GlobalSection(SolutionProperties) = preSolution
		HideSolutionNode = FALSE
	EndGlobalSection
EndGlobal
